
Microsoft Visual Studio Solution File, Format Version 12.00
# Visual Studio Version 16
VisualStudioVersion = 16.0.31129.286
MinimumVisualStudioVersion = 10.0.40219.1
Project("{FAE04EC0-301F-11D3-BF4B-00C04F79EFBC}") = "HelloAspNet", "HelloAspNet\HelloAspNet.csproj", "{7646C715-5D30-47B2-A71B-76BBD25B0167}"
EndProject
Project("{FAE04EC0-301F-11D3-BF4B-00C04F79EFBC}") = "HelloAspNet.Tests", "HelloAspNet.Tests\HelloAspNet.Tests.csproj", "{9AC536FB-6B2E-4770-ADC7-AD942AE41864}"
EndProject
Project("{FAE04EC0-301F-11D3-BF4B-00C04F79EFBC}") = "FirstWebApp", "FirstWebApp\FirstWebApp.csproj", "{2BC850F2-FCBB-4C97-A78E-7DD43E626F0B}"
EndProject
Project("{FAE04EC0-301F-11D3-BF4B-00C04F79EFBC}") = "ValidationWebApp", "ValidationWebApp\ValidationWebApp.csproj", "{B61531A8-942E-4D57-83C0-5A0D9D4AA3C0}"
EndProject
Project("{FAE04EC0-301F-11D3-BF4B-00C04F79EFBC}") = "TempleteWebApp", "TempleteWebApp\TempleteWebApp.csproj", "{A4A45652-4C8D-4931-BAFC-69A9A2F81F34}"
EndProject
Project("{FAE04EC0-301F-11D3-BF4B-00C04F79EFBC}") = "StateMngWebApp", "StateMngWebApp\StateMngWebApp.csproj", "{F3AE956C-3270-482E-9878-1AC25848DBF7}"
EndProject
Project("{FAE04EC0-301F-11D3-BF4B-00C04F79EFBC}") = "DbHandlingWebApp", "DbHandlingWebApp\DbHandlingWebApp.csproj", "{FF80AE05-6AFF-47F6-9349-0856F26E3EC1}"
EndProject
Project("{FAE04EC0-301F-11D3-BF4B-00C04F79EFBC}") = "DataControlWebApp", "DataControlWebApp\DataControlWebApp.csproj", "{F44C045E-E45D-4C2E-98E8-3C9AB8EF1A18}"
EndProject
Project("{FAE04EC0-301F-11D3-BF4B-00C04F79EFBC}") = "LoginWebApp", "LoginWebApp\LoginWebApp.csproj", "{2B9741C8-52D7-421C-BAB5-2DECD9EB408C}"
EndProject
Project("{00D1A9C2-B5F0-4AF3-8072-F6C62B433612}") = "TestDB_New", "TestDB_New\TestDB_New.sqlproj", "{F8541D3A-1F20-4157-A17F-B883670A670F}"
EndProject
Global
	GlobalSection(SolutionConfigurationPlatforms) = preSolution
		Debug|Any CPU = Debug|Any CPU
		Release|Any CPU = Release|Any CPU
	EndGlobalSection
	GlobalSection(ProjectConfigurationPlatforms) = postSolution
		{7646C715-5D30-47B2-A71B-76BBD25B0167}.Debug|Any CPU.ActiveCfg = Debug|Any CPU
		{7646C715-5D30-47B2-A71B-76BBD25B0167}.Debug|Any CPU.Build.0 = Debug|Any CPU
		{7646C715-5D30-47B2-A71B-76BBD25B0167}.Release|Any CPU.ActiveCfg = Release|Any CPU
		{7646C715-5D30-47B2-A71B-76BBD25B0167}.Release|Any CPU.Build.0 = Release|Any CPU
		{9AC536FB-6B2E-4770-ADC7-AD942AE41864}.Debug|Any CPU.ActiveCfg = Debug|Any CPU
		{9AC536FB-6B2E-4770-ADC7-AD942AE41864}.Debug|Any CPU.Build.0 = Debug|Any CPU
		{9AC536FB-6B2E-4770-ADC7-AD942AE41864}.Release|Any CPU.ActiveCfg = Release|Any CPU
		{9AC536FB-6B2E-4770-ADC7-AD942AE41864}.Release|Any CPU.Build.0 = Release|Any CPU
		{2BC850F2-FCBB-4C97-A78E-7DD43E626F0B}.Debug|Any CPU.ActiveCfg = Debug|Any CPU
		{2BC850F2-FCBB-4C97-A78E-7DD43E626F0B}.Debug|Any CPU.Build.0 = Debug|Any CPU
		{2BC850F2-FCBB-4C97-A78E-7DD43E626F0B}.Release|Any CPU.ActiveCfg = Release|Any CPU
		{2BC850F2-FCBB-4C97-A78E-7DD43E626F0B}.Release|Any CPU.Build.0 = Release|Any CPU
		{B61531A8-942E-4D57-83C0-5A0D9D4AA3C0}.Debug|Any CPU.ActiveCfg = Debug|Any CPU
		{B61531A8-942E-4D57-83C0-5A0D9D4AA3C0}.Debug|Any CPU.Build.0 = Debug|Any CPU
		{B61531A8-942E-4D57-83C0-5A0D9D4AA3C0}.Release|Any CPU.ActiveCfg = Release|Any CPU
		{B61531A8-942E-4D57-83C0-5A0D9D4AA3C0}.Release|Any CPU.Build.0 = Release|Any CPU
		{A4A45652-4C8D-4931-BAFC-69A9A2F81F34}.Debug|Any CPU.ActiveCfg = Debug|Any CPU
		{A4A45652-4C8D-4931-BAFC-69A9A2F81F34}.Debug|Any CPU.Build.0 = Debug|Any CPU
		{A4A45652-4C8D-4931-BAFC-69A9A2F81F34}.Release|Any CPU.ActiveCfg = Release|Any CPU
		{A4A45652-4C8D-4931-BAFC-69A9A2F81F34}.Release|Any CPU.Build.0 = Release|Any CPU
		{F3AE956C-3270-482E-9878-1AC25848DBF7}.Debug|Any CPU.ActiveCfg = Debug|Any CPU
		{F3AE956C-3270-482E-9878-1AC25848DBF7}.Debug|Any CPU.Build.0 = Debug|Any CPU
		{F3AE956C-3270-482E-9878-1AC25848DBF7}.Release|Any CPU.ActiveCfg = Release|Any CPU
		{F3AE956C-3270-482E-9878-1AC25848DBF7}.Release|Any CPU.Build.0 = Release|Any CPU
		{FF80AE05-6AFF-47F6-9349-0856F26E3EC1}.Debug|Any CPU.ActiveCfg = Debug|Any CPU
		{FF80AE05-6AFF-47F6-9349-0856F26E3EC1}.Debug|Any CPU.Build.0 = Debug|Any CPU
		{FF80AE05-6AFF-47F6-9349-0856F26E3EC1}.Release|Any CPU.ActiveCfg = Release|Any CPU
		{FF80AE05-6AFF-47F6-9349-0856F26E3EC1}.Release|Any CPU.Build.0 = Release|Any CPU
		{F44C045E-E45D-4C2E-98E8-3C9AB8EF1A18}.Debug|Any CPU.ActiveCfg = Debug|Any CPU
		{F44C045E-E45D-4C2E-98E8-3C9AB8EF1A18}.Debug|Any CPU.Build.0 = Debug|Any CPU
		{F44C045E-E45D-4C2E-98E8-3C9AB8EF1A18}.Release|Any CPU.ActiveCfg = Release|Any CPU
		{F44C045E-E45D-4C2E-98E8-3C9AB8EF1A18}.Release|Any CPU.Build.0 = Release|Any CPU
		{2B9741C8-52D7-421C-BAB5-2DECD9EB408C}.Debug|Any CPU.ActiveCfg = Debug|Any CPU
		{2B9741C8-52D7-421C-BAB5-2DECD9EB408C}.Debug|Any CPU.Build.0 = Debug|Any CPU
		{2B9741C8-52D7-421C-BAB5-2DECD9EB408C}.Release|Any CPU.ActiveCfg = Release|Any CPU
		{2B9741C8-52D7-421C-BAB5-2DECD9EB408C}.Release|Any CPU.Build.0 = Release|Any CPU
		{F8541D3A-1F20-4157-A17F-B883670A670F}.Debug|Any CPU.ActiveCfg = Debug|Any CPU
		{F8541D3A-1F20-4157-A17F-B883670A670F}.Debug|Any CPU.Build.0 = Debug|Any CPU
		{F8541D3A-1F20-4157-A17F-B883670A670F}.Debug|Any CPU.Deploy.0 = Debug|Any CPU
		{F8541D3A-1F20-4157-A17F-B883670A670F}.Release|Any CPU.ActiveCfg = Release|Any CPU
		{F8541D3A-1F20-4157-A17F-B883670A670F}.Release|Any CPU.Build.0 = Release|Any CPU
		{F8541D3A-1F20-4157-A17F-B883670A670F}.Release|Any CPU.Deploy.0 = Release|Any CPU
	EndGlobalSection
	GlobalSection(SolutionProperties) = preSolution
		HideSolutionNode = FALSE
	EndGlobalSection
	GlobalSection(ExtensibilityGlobals) = postSolution
		SolutionGuid = {BDA7FA79-AA4E-4F04-A3B3-CB356B00C415}
	EndGlobalSection
EndGlobal
