
Microsoft Visual Studio Solution File, Format Version 12.00
# Visual Studio Version 16
VisualStudioVersion = 16.0.31025.194
MinimumVisualStudioVersion = 10.0.40219.1
Project("{9A19103F-16F7-4668-BE54-9A1E7A4F7556}") = "BasicMvcWebApp", "BasicMvcWebApp\BasicMvcWebApp.csproj", "{1F9F4F06-9ECF-43D8-9638-22A460BF5318}"
EndProject
Project("{9A19103F-16F7-4668-BE54-9A1E7A4F7556}") = "DbWebApp", "DbWebApp\DbWebApp.csproj", "{9874B305-F701-41C6-93AF-C4478D8F38BF}"
EndProject
Project("{00D1A9C2-B5F0-4AF3-8072-F6C62B433612}") = "MvcWebLab.Database", "MvcWebLab.Database\MvcWebLab.Database.sqlproj", "{77D362DB-F843-409A-9475-627B92FFA7DC}"
EndProject
Project("{FAE04EC0-301F-11D3-BF4B-00C04F79EFBC}") = "TodoListWebApp", "TodoListWebApp\TodoListWebApp.csproj", "{EB0216A2-B5C1-4AC2-900C-58E2E0FE0BD6}"
EndProject
Global
	GlobalSection(SolutionConfigurationPlatforms) = preSolution
		Debug|Any CPU = Debug|Any CPU
		Release|Any CPU = Release|Any CPU
	EndGlobalSection
	GlobalSection(ProjectConfigurationPlatforms) = postSolution
		{1F9F4F06-9ECF-43D8-9638-22A460BF5318}.Debug|Any CPU.ActiveCfg = Debug|Any CPU
		{1F9F4F06-9ECF-43D8-9638-22A460BF5318}.Debug|Any CPU.Build.0 = Debug|Any CPU
		{1F9F4F06-9ECF-43D8-9638-22A460BF5318}.Release|Any CPU.ActiveCfg = Release|Any CPU
		{1F9F4F06-9ECF-43D8-9638-22A460BF5318}.Release|Any CPU.Build.0 = Release|Any CPU
		{9874B305-F701-41C6-93AF-C4478D8F38BF}.Debug|Any CPU.ActiveCfg = Debug|Any CPU
		{9874B305-F701-41C6-93AF-C4478D8F38BF}.Debug|Any CPU.Build.0 = Debug|Any CPU
		{9874B305-F701-41C6-93AF-C4478D8F38BF}.Release|Any CPU.ActiveCfg = Release|Any CPU
		{9874B305-F701-41C6-93AF-C4478D8F38BF}.Release|Any CPU.Build.0 = Release|Any CPU
		{77D362DB-F843-409A-9475-627B92FFA7DC}.Debug|Any CPU.ActiveCfg = Debug|Any CPU
		{77D362DB-F843-409A-9475-627B92FFA7DC}.Debug|Any CPU.Build.0 = Debug|Any CPU
		{77D362DB-F843-409A-9475-627B92FFA7DC}.Debug|Any CPU.Deploy.0 = Debug|Any CPU
		{77D362DB-F843-409A-9475-627B92FFA7DC}.Release|Any CPU.ActiveCfg = Release|Any CPU
		{77D362DB-F843-409A-9475-627B92FFA7DC}.Release|Any CPU.Build.0 = Release|Any CPU
		{77D362DB-F843-409A-9475-627B92FFA7DC}.Release|Any CPU.Deploy.0 = Release|Any CPU
		{EB0216A2-B5C1-4AC2-900C-58E2E0FE0BD6}.Debug|Any CPU.ActiveCfg = Debug|Any CPU
		{EB0216A2-B5C1-4AC2-900C-58E2E0FE0BD6}.Debug|Any CPU.Build.0 = Debug|Any CPU
		{EB0216A2-B5C1-4AC2-900C-58E2E0FE0BD6}.Release|Any CPU.ActiveCfg = Release|Any CPU
		{EB0216A2-B5C1-4AC2-900C-58E2E0FE0BD6}.Release|Any CPU.Build.0 = Release|Any CPU
	EndGlobalSection
	GlobalSection(SolutionProperties) = preSolution
		HideSolutionNode = FALSE
	EndGlobalSection
	GlobalSection(ExtensibilityGlobals) = postSolution
		SolutionGuid = {74ACB31F-7496-4BD3-A215-10969E695515}
	EndGlobalSection
EndGlobal
