
Microsoft Visual Studio Solution File, Format Version 12.00
# Visual Studio Version 16
VisualStudioVersion = 16.0.31129.286
MinimumVisualStudioVersion = 10.0.40219.1
Project("{FAE04EC0-301F-11D3-BF4B-00C04F79EFBC}") = "DotNetNote", "DotNetNote\DotNetNote.csproj", "{78175B4F-E03B-47AF-98D8-6D1BDCACB584}"
EndProject
Project("{00D1A9C2-B5F0-4AF3-8072-F6C62B433612}") = "DotNetNoteDatebase", "DotNetNoteDatebase\DotNetNoteDatebase.sqlproj", "{07CCB46A-BB84-41DA-BA32-B8F99DEDAEA2}"
EndProject
Project("{FAE04EC0-301F-11D3-BF4B-00C04F79EFBC}") = "Helpers", "Helpers\Helpers.csproj", "{BB6766B8-CFE7-444D-8AA9-F5EDC38B44CE}"
EndProject
Project("{FAE04EC0-301F-11D3-BF4B-00C04F79EFBC}") = "Helpers.Test", "Helperss\Helpers.Test.csproj", "{97315AC8-D25B-4076-BC1C-24C63DC40B58}"
EndProject
Global
	GlobalSection(SolutionConfigurationPlatforms) = preSolution
		Debug|Any CPU = Debug|Any CPU
		Release|Any CPU = Release|Any CPU
	EndGlobalSection
	GlobalSection(ProjectConfigurationPlatforms) = postSolution
		{78175B4F-E03B-47AF-98D8-6D1BDCACB584}.Debug|Any CPU.ActiveCfg = Debug|Any CPU
		{78175B4F-E03B-47AF-98D8-6D1BDCACB584}.Debug|Any CPU.Build.0 = Debug|Any CPU
		{78175B4F-E03B-47AF-98D8-6D1BDCACB584}.Release|Any CPU.ActiveCfg = Release|Any CPU
		{78175B4F-E03B-47AF-98D8-6D1BDCACB584}.Release|Any CPU.Build.0 = Release|Any CPU
		{07CCB46A-BB84-41DA-BA32-B8F99DEDAEA2}.Debug|Any CPU.ActiveCfg = Debug|Any CPU
		{07CCB46A-BB84-41DA-BA32-B8F99DEDAEA2}.Debug|Any CPU.Build.0 = Debug|Any CPU
		{07CCB46A-BB84-41DA-BA32-B8F99DEDAEA2}.Debug|Any CPU.Deploy.0 = Debug|Any CPU
		{07CCB46A-BB84-41DA-BA32-B8F99DEDAEA2}.Release|Any CPU.ActiveCfg = Release|Any CPU
		{07CCB46A-BB84-41DA-BA32-B8F99DEDAEA2}.Release|Any CPU.Build.0 = Release|Any CPU
		{07CCB46A-BB84-41DA-BA32-B8F99DEDAEA2}.Release|Any CPU.Deploy.0 = Release|Any CPU
		{BB6766B8-CFE7-444D-8AA9-F5EDC38B44CE}.Debug|Any CPU.ActiveCfg = Debug|Any CPU
		{BB6766B8-CFE7-444D-8AA9-F5EDC38B44CE}.Debug|Any CPU.Build.0 = Debug|Any CPU
		{BB6766B8-CFE7-444D-8AA9-F5EDC38B44CE}.Release|Any CPU.ActiveCfg = Release|Any CPU
		{BB6766B8-CFE7-444D-8AA9-F5EDC38B44CE}.Release|Any CPU.Build.0 = Release|Any CPU
		{97315AC8-D25B-4076-BC1C-24C63DC40B58}.Debug|Any CPU.ActiveCfg = Debug|Any CPU
		{97315AC8-D25B-4076-BC1C-24C63DC40B58}.Debug|Any CPU.Build.0 = Debug|Any CPU
		{97315AC8-D25B-4076-BC1C-24C63DC40B58}.Release|Any CPU.ActiveCfg = Release|Any CPU
		{97315AC8-D25B-4076-BC1C-24C63DC40B58}.Release|Any CPU.Build.0 = Release|Any CPU
	EndGlobalSection
	GlobalSection(SolutionProperties) = preSolution
		HideSolutionNode = FALSE
	EndGlobalSection
	GlobalSection(ExtensibilityGlobals) = postSolution
		SolutionGuid = {C8B15332-3E31-4737-BF25-BA06922F9039}
	EndGlobalSection
EndGlobal
